<?xml version="1.0" encoding="UTF-8"?>
<CONFIG>
  <ProjectOptions>
    <Version Value="9"/>
    <General>
      <Flags>
        <AlwaysBuild Value="True"/>
      </Flags>
      <MainUnit Value="0"/>
      <Title Value="Bnote"/>
      <UseXPManifest Value="True"/>
      <XPManifest>
        <DpiAware Value="True"/>
      </XPManifest>
      <Icon Value="0"/>
      <ActiveWindowIndexAtStart Value="0"/>
    </General>
    <VersionInfo>
      <UseVersionInfo Value="True"/>
      <AutoIncrementBuild Value="True"/>
      <MinorVersionNr Value="4"/>
      <Language Value=""/>
      <CharSet Value=""/>
      <StringTable CompanyName="HazardLand" InternalName="Bnote" ProductName="Bnote" ProductVersion=""/>
    </VersionInfo>
    <BuildModes Count="1">
      <Item1 Name="default" Default="True"/>
    </BuildModes>
    <PublishOptions>
      <Version Value="2"/>
      <DestinationDirectory Value="/home/biohazard/Projects/bnote_publish"/>
      <IncludeFileFilter Value="*.(pas|pp|inc|lfm|lpr|lrs|lpi|lpk|sh|xml)"/>
      <UseExcludeFileFilter Value="True"/>
      <ExcludeFileFilter Value="*.(bak|ppu|ppw|o|so);*~;backup"/>
    </PublishOptions>
    <RunParams>
      <local>
        <FormatVersion Value="1"/>
        <LaunchingApplication PathPlusParams="/usr/X11R6/bin/xterm -T 'Lazarus Run Output' -e $(LazarusDir)/tools/runwait.sh $(TargetCmdLine)"/>
      </local>
    </RunParams>
    <RequiredPackages Count="4">
      <Item1>
        <PackageName Value="FCL"/>
        <MinVersion Major="1" Release="1" Valid="True"/>
      </Item1>
      <Item2>
        <PackageName Value="SynEdit"/>
        <MinVersion Major="1" Valid="True"/>
      </Item2>
      <Item3>
        <PackageName Value="LCLBase"/>
        <MinVersion Major="1" Release="1" Valid="True"/>
      </Item3>
      <Item4>
        <PackageName Value="LCL"/>
      </Item4>
    </RequiredPackages>
    <Units Count="44">
      <Unit0>
        <Filename Value="bnote.pas"/>
        <IsPartOfProject Value="True"/>
        <UnitName Value="bnote"/>
        <EditorIndex Value="1"/>
        <WindowIndex Value="0"/>
        <TopLine Value="1"/>
        <CursorPos X="16" Y="11"/>
        <UsageCount Value="182"/>
        <Loaded Value="True"/>
      </Unit0>
      <Unit1>
        <Filename Value="unit1.pas"/>
        <IsPartOfProject Value="True"/>
        <ComponentName Value="FormMain"/>
        <HasResources Value="True"/>
        <ResourceBaseClass Value="Form"/>
        <UnitName Value="Unit1"/>
        <EditorIndex Value="0"/>
        <WindowIndex Value="0"/>
        <TopLine Value="367"/>
        <CursorPos X="3" Y="162"/>
        <UsageCount Value="182"/>
        <Loaded Value="True"/>
        <LoadedDesigner Value="True"/>
      </Unit1>
      <Unit2>
        <Filename Value="unit2.pas"/>
        <IsPartOfProject Value="True"/>
        <ComponentName Value="FormSettings"/>
        <ResourceBaseClass Value="Form"/>
        <UnitName Value="Unit2"/>
        <WindowIndex Value="0"/>
        <TopLine Value="48"/>
        <CursorPos X="15" Y="51"/>
        <UsageCount Value="182"/>
      </Unit2>
      <Unit3>
        <Filename Value="_bnote.pas"/>
        <IsPartOfProject Value="True"/>
        <UnitName Value="_Bnote"/>
        <IsVisibleTab Value="True"/>
        <EditorIndex Value="2"/>
        <WindowIndex Value="0"/>
        <TopLine Value="68"/>
        <CursorPos X="75" Y="79"/>
        <UsageCount Value="176"/>
        <Loaded Value="True"/>
      </Unit3>
      <Unit4>
        <Filename Value="/usr/lib/lazarus/lcl/fileutil.pas"/>
        <UnitName Value="FileUtil"/>
        <WindowIndex Value="0"/>
        <TopLine Value="157"/>
        <CursorPos X="42" Y="172"/>
        <UsageCount Value="1"/>
      </Unit4>
      <Unit5>
        <Filename Value="/usr/share/fpcsrc/rtl/objpas/classes/classesh.inc"/>
        <WindowIndex Value="0"/>
        <TopLine Value="1119"/>
        <CursorPos X="15" Y="781"/>
        <UsageCount Value="4"/>
      </Unit5>
      <Unit6>
        <Filename Value="_strings.pas"/>
        <IsPartOfProject Value="True"/>
        <UnitName Value="_Strings"/>
        <WindowIndex Value="0"/>
        <TopLine Value="93"/>
        <CursorPos X="47" Y="96"/>
        <UsageCount Value="172"/>
      </Unit6>
      <Unit7>
        <Filename Value="../BioHazard3.pas"/>
        <UnitName Value="BioHazard3"/>
        <WindowIndex Value="0"/>
        <TopLine Value="206"/>
        <CursorPos X="1" Y="212"/>
        <UsageCount Value="7"/>
      </Unit7>
      <Unit8>
        <Filename Value="_arrays.pas"/>
        <IsPartOfProject Value="True"/>
        <UnitName Value="_Arrays"/>
        <WindowIndex Value="0"/>
        <TopLine Value="139"/>
        <CursorPos X="26" Y="148"/>
        <UsageCount Value="169"/>
      </Unit8>
      <Unit9>
        <Filename Value="/usr/share/fpcsrc/rtl/objpas/fgl.pp"/>
        <UnitName Value="fgl"/>
        <WindowIndex Value="0"/>
        <TopLine Value="1"/>
        <CursorPos X="18" Y="100"/>
        <UsageCount Value="1"/>
      </Unit9>
      <Unit10>
        <Filename Value="/usr/share/fpcsrc/rtl/unix/sysutils.pp"/>
        <UnitName Value="sysutils"/>
        <WindowIndex Value="0"/>
        <TopLine Value="55"/>
        <CursorPos X="1" Y="1"/>
        <UsageCount Value="1"/>
      </Unit10>
      <Unit11>
        <Filename Value="/usr/lib/lazarus/lcl/include/listitems.inc"/>
        <WindowIndex Value="0"/>
        <TopLine Value="312"/>
        <CursorPos X="1" Y="326"/>
        <UsageCount Value="3"/>
      </Unit11>
      <Unit12>
        <Filename Value="/usr/lib/lazarus/lcl/include/control.inc"/>
        <WindowIndex Value="0"/>
        <TopLine Value="3360"/>
        <CursorPos X="1" Y="3382"/>
        <UsageCount Value="7"/>
      </Unit12>
      <Unit13>
        <Filename Value="/usr/lib/lazarus/lcl/include/buttoncontrol.inc"/>
        <WindowIndex Value="0"/>
        <TopLine Value="8"/>
        <CursorPos X="1" Y="22"/>
        <UsageCount Value="1"/>
      </Unit13>
      <Unit14>
        <Filename Value="/usr/lib/lazarus/lcl/include/buttons.inc"/>
        <WindowIndex Value="0"/>
        <TopLine Value="308"/>
        <CursorPos X="1" Y="342"/>
        <UsageCount Value="1"/>
      </Unit14>
      <Unit15>
        <Filename Value="/usr/lib/lazarus/lcl/include/wincontrol.inc"/>
        <WindowIndex Value="0"/>
        <TopLine Value="7813"/>
        <CursorPos X="1" Y="7835"/>
        <UsageCount Value="5"/>
      </Unit15>
      <Unit16>
        <Filename Value="/usr/lib/lazarus/lcl/lclmessageglue.pas"/>
        <UnitName Value="LCLMessageGlue"/>
        <WindowIndex Value="0"/>
        <TopLine Value="62"/>
        <CursorPos X="49" Y="107"/>
        <UsageCount Value="1"/>
      </Unit16>
      <Unit17>
        <Filename Value="/usr/lib/lazarus/lcl/include/customform.inc"/>
        <WindowIndex Value="0"/>
        <TopLine Value="854"/>
        <CursorPos X="12" Y="857"/>
        <UsageCount Value="5"/>
      </Unit17>
      <Unit18>
        <Filename Value="_files.pas"/>
        <IsPartOfProject Value="True"/>
        <UnitName Value="_Files"/>
        <WindowIndex Value="0"/>
        <TopLine Value="59"/>
        <CursorPos X="1" Y="1"/>
        <UsageCount Value="136"/>
      </Unit18>
      <Unit19>
        <Filename Value="/usr/lib/lazarus/lcl/include/listitem.inc"/>
        <WindowIndex Value="0"/>
        <TopLine Value="705"/>
        <CursorPos X="1" Y="723"/>
        <UsageCount Value="3"/>
      </Unit19>
      <Unit20>
        <Filename Value="/usr/lib/lazarus/lcl/include/application.inc"/>
        <WindowIndex Value="0"/>
        <TopLine Value="2102"/>
        <CursorPos X="11" Y="2111"/>
        <UsageCount Value="5"/>
      </Unit20>
      <Unit21>
        <Filename Value="/usr/lib/lazarus/lcl/stdctrls.pp"/>
        <UnitName Value="StdCtrls"/>
        <WindowIndex Value="0"/>
        <TopLine Value="880"/>
        <CursorPos X="3" Y="902"/>
        <UsageCount Value="4"/>
      </Unit21>
      <Unit22>
        <Filename Value="/usr/lib/lazarus/lcl/controls.pp"/>
        <UnitName Value="Controls"/>
        <WindowIndex Value="0"/>
        <TopLine Value="1150"/>
        <CursorPos X="15" Y="1150"/>
        <UsageCount Value="5"/>
      </Unit22>
      <Unit23>
        <Filename Value="/usr/share/fpcsrc/rtl/objpas/sysutils/sysunih.inc"/>
        <WindowIndex Value="0"/>
        <TopLine Value="1"/>
        <CursorPos X="10" Y="21"/>
        <UsageCount Value="4"/>
      </Unit23>
      <Unit24>
        <Filename Value="/usr/lib/lazarus/lcl/interfaces/wince/interfaces.pp"/>
        <UnitName Value="Interfaces"/>
        <WindowIndex Value="0"/>
        <TopLine Value="1"/>
        <CursorPos X="1" Y="1"/>
        <UsageCount Value="4"/>
      </Unit24>
      <Unit25>
        <Filename Value="/usr/lib/lazarus/packager/registration/fcllaz.pas"/>
        <UnitName Value="fcllaz"/>
        <WindowIndex Value="0"/>
        <TopLine Value="1"/>
        <CursorPos X="1" Y="1"/>
        <UsageCount Value="4"/>
      </Unit25>
      <Unit26>
        <Filename Value="/usr/lib/lazarus/lcl/include/fileutil.inc"/>
        <WindowIndex Value="0"/>
        <TopLine Value="109"/>
        <CursorPos X="1" Y="131"/>
        <UsageCount Value="5"/>
      </Unit26>
      <Unit27>
        <Filename Value="/usr/lib/lazarus/lcl/masks.pas"/>
        <UnitName Value="Masks"/>
        <WindowIndex Value="0"/>
        <TopLine Value="354"/>
        <CursorPos X="1" Y="378"/>
        <UsageCount Value="6"/>
      </Unit27>
      <Unit28>
        <Filename Value="/usr/lib/lazarus/lcl/include/unixfileutil.inc"/>
        <WindowIndex Value="0"/>
        <TopLine Value="253"/>
        <CursorPos X="1" Y="289"/>
        <UsageCount Value="5"/>
      </Unit28>
      <Unit29>
        <Filename Value="/usr/lib/lazarus/lcl/lclproc.pas"/>
        <UnitName Value="LCLProc"/>
        <WindowIndex Value="0"/>
        <TopLine Value="1832"/>
        <CursorPos X="1" Y="1860"/>
        <UsageCount Value="5"/>
      </Unit29>
      <Unit30>
        <Filename Value="/usr/share/fpcsrc/packages/fcl-xml/src/xmlconf.pp"/>
        <UnitName Value="XMLConf"/>
        <WindowIndex Value="0"/>
        <TopLine Value="325"/>
        <CursorPos X="9" Y="361"/>
        <UsageCount Value="6"/>
      </Unit30>
      <Unit31>
        <Filename Value="C:/lazarus/lcl/include/customform.inc"/>
        <WindowIndex Value="0"/>
        <TopLine Value="875"/>
        <CursorPos X="1" Y="895"/>
        <UsageCount Value="5"/>
      </Unit31>
      <Unit32>
        <Filename Value="C:/lazarus/lcl/include/control.inc"/>
        <WindowIndex Value="0"/>
        <TopLine Value="1920"/>
        <CursorPos X="13" Y="1921"/>
        <UsageCount Value="5"/>
      </Unit32>
      <Unit33>
        <Filename Value="C:/lazarus/lcl/include/listitem.inc"/>
        <WindowIndex Value="0"/>
        <TopLine Value="703"/>
        <CursorPos X="8" Y="706"/>
        <UsageCount Value="5"/>
      </Unit33>
      <Unit34>
        <Filename Value="../../Install/Lazskin/units/LazSkin.pas"/>
        <UnitName Value="LazSkin"/>
        <TopLine Value="1"/>
        <CursorPos X="1" Y="1"/>
        <UsageCount Value="5"/>
      </Unit34>
      <Unit35>
        <Filename Value="C:/Lazarus/components/indy-10.2.0.3/lazarus/IdDsnCoreResourceStrings.pas"/>
        <UnitName Value="IdDsnCoreResourceStrings"/>
        <WindowIndex Value="0"/>
        <TopLine Value="1"/>
        <CursorPos X="1" Y="1"/>
        <UsageCount Value="5"/>
      </Unit35>
      <Unit36>
        <Filename Value="C:/Lazarus/components/indy-10.2.0.3/lazarus/IdAboutVCL.pas"/>
        <UnitName Value="IdAboutVCL"/>
        <WindowIndex Value="0"/>
        <TopLine Value="1"/>
        <CursorPos X="1" Y="1"/>
        <UsageCount Value="5"/>
      </Unit36>
      <Unit37>
        <Filename Value="C:/Lazarus/lcl/stdctrls.pp"/>
        <UnitName Value="StdCtrls"/>
        <WindowIndex Value="0"/>
        <TopLine Value="1"/>
        <CursorPos X="1" Y="1"/>
        <UsageCount Value="5"/>
      </Unit37>
      <Unit38>
        <Filename Value="../../Install/Lazskin/units/lib/i386-win32/LazSkin.ppu"/>
        <WindowIndex Value="0"/>
        <TopLine Value="1"/>
        <CursorPos X="1" Y="1"/>
        <UsageCount Value="5"/>
        <DefaultSyntaxHighlighter Value="None"/>
      </Unit38>
      <Unit39>
        <Filename Value="unit1.lrs"/>
        <WindowIndex Value="0"/>
        <TopLine Value="666"/>
        <CursorPos X="18" Y="713"/>
        <UsageCount Value="5"/>
      </Unit39>
      <Unit40>
        <Filename Value="C:/lazarus/lcl/lcltype.pp"/>
        <UnitName Value="LCLType"/>
        <WindowIndex Value="0"/>
        <TopLine Value="1131"/>
        <CursorPos X="3" Y="1138"/>
        <UsageCount Value="8"/>
      </Unit40>
      <Unit41>
        <Filename Value="C:/lazarus/lcl/graphics.pp"/>
        <UnitName Value="Graphics"/>
        <WindowIndex Value="0"/>
        <TopLine Value="1144"/>
        <CursorPos X="15" Y="1163"/>
        <UsageCount Value="7"/>
      </Unit41>
      <Unit42>
        <Filename Value="C:/lazarus/fpc/2.6.4/source/rtl/objpas/sysutils/osutilsh.inc"/>
        <WindowIndex Value="0"/>
        <TopLine Value="23"/>
        <CursorPos X="10" Y="42"/>
        <UsageCount Value="6"/>
      </Unit42>
      <Unit43>
        <Filename Value="../lib/_arrays.pas"/>
        <UnitName Value="_Arrays"/>
        <EditorIndex Value="3"/>
        <WindowIndex Value="0"/>
        <TopLine Value="137"/>
        <CursorPos X="13" Y="27"/>
        <UsageCount Value="11"/>
        <Loaded Value="True"/>
      </Unit43>
    </Units>
    <JumpHistory Count="30" HistoryIndex="29">
      <Position1>
        <Filename Value="unit1.pas"/>
        <Caret Line="411" Column="1" TopLine="392"/>
      </Position1>
      <Position2>
        <Filename Value="unit1.pas"/>
        <Caret Line="50" Column="46" TopLine="41"/>
      </Position2>
      <Position3>
        <Filename Value="unit1.pas"/>
        <Caret Line="48" Column="7" TopLine="39"/>
      </Position3>
      <Position4>
        <Filename Value="unit1.pas"/>
        <Caret Line="46" Column="63" TopLine="37"/>
      </Position4>
      <Position5>
        <Filename Value="_bnote.pas"/>
        <Caret Line="130" Column="56" TopLine="91"/>
      </Position5>
      <Position6>
        <Filename Value="_bnote.pas"/>
        <Caret Line="33" Column="21" TopLine="12"/>
      </Position6>
      <Position7>
        <Filename Value="_bnote.pas"/>
        <Caret Line="34" Column="15" TopLine="12"/>
      </Position7>
      <Position8>
        <Filename Value="unit1.pas"/>
        <Caret Line="112" Column="33" TopLine="93"/>
      </Position8>
      <Position9>
        <Filename Value="unit1.pas"/>
        <Caret Line="135" Column="30" TopLine="103"/>
      </Position9>
      <Position10>
        <Filename Value="unit1.pas"/>
        <Caret Line="386" Column="17" TopLine="354"/>
      </Position10>
      <Position11>
        <Filename Value="unit1.pas"/>
        <Caret Line="45" Column="27" TopLine="27"/>
      </Position11>
      <Position12>
        <Filename Value="unit1.pas"/>
        <Caret Line="112" Column="33" TopLine="80"/>
      </Position12>
      <Position13>
        <Filename Value="unit1.pas"/>
        <Caret Line="135" Column="30" TopLine="103"/>
      </Position13>
      <Position14>
        <Filename Value="unit1.pas"/>
        <Caret Line="386" Column="17" TopLine="354"/>
      </Position14>
      <Position15>
        <Filename Value="unit1.pas"/>
        <Caret Line="318" Column="44" TopLine="276"/>
      </Position15>
      <Position16>
        <Filename Value="unit1.pas"/>
        <Caret Line="208" Column="63" TopLine="205"/>
      </Position16>
      <Position17>
        <Filename Value="unit1.pas"/>
        <Caret Line="210" Column="23" TopLine="205"/>
      </Position17>
      <Position18>
        <Filename Value="unit1.pas"/>
        <Caret Line="211" Column="11" TopLine="205"/>
      </Position18>
      <Position19>
        <Filename Value="unit1.pas"/>
        <Caret Line="212" Column="11" TopLine="205"/>
      </Position19>
      <Position20>
        <Filename Value="unit1.pas"/>
        <Caret Line="261" Column="27" TopLine="245"/>
      </Position20>
      <Position21>
        <Filename Value="unit1.pas"/>
        <Caret Line="264" Column="12" TopLine="248"/>
      </Position21>
      <Position22>
        <Filename Value="unit1.pas"/>
        <Caret Line="266" Column="28" TopLine="250"/>
      </Position22>
      <Position23>
        <Filename Value="unit1.pas"/>
        <Caret Line="267" Column="9" TopLine="251"/>
      </Position23>
      <Position24>
        <Filename Value="unit1.pas"/>
        <Caret Line="162" Column="3" TopLine="160"/>
      </Position24>
      <Position25>
        <Filename Value="unit1.pas"/>
        <Caret Line="146" Column="3" TopLine="144"/>
      </Position25>
      <Position26>
        <Filename Value="unit1.pas"/>
        <Caret Line="162" Column="3" TopLine="367"/>
      </Position26>
      <Position27>
        <Filename Value="_bnote.pas"/>
        <Caret Line="62" Column="15" TopLine="53"/>
      </Position27>
      <Position28>
        <Filename Value="_bnote.pas"/>
        <Caret Line="53" Column="37" TopLine="37"/>
      </Position28>
      <Position29>
        <Filename Value="_bnote.pas"/>
        <Caret Line="63" Column="15" TopLine="37"/>
      </Position29>
      <Position30>
        <Filename Value="_bnote.pas"/>
        <Caret Line="18" Column="11" TopLine="67"/>
      </Position30>
    </JumpHistory>
  </ProjectOptions>
  <CompilerOptions>
    <Version Value="11"/>
    <SearchPaths>
      <IncludeFiles Value="$(ProjOutDir)"/>
      <OtherUnitFiles Value="../lib"/>
    </SearchPaths>
    <Parsing>
      <SyntaxOptions>
        <UseAnsiStrings Value="False"/>
      </SyntaxOptions>
    </Parsing>
    <CodeGeneration>
      <Optimizations>
        <OptimizationLevel Value="3"/>
        <UncertainOptimizations Value="True"/>
      </Optimizations>
      <SmallerCode Value="True"/>
    </CodeGeneration>
    <Linking>
      <Debugging>
        <GenerateDebugInfo Value="False"/>
        <UseLineInfoUnit Value="False"/>
        <StripSymbols Value="True"/>
        <UseExternalDbgSyms Value="True"/>
      </Debugging>
      <Options>
        <Win32>
          <GraphicApplication Value="True"/>
        </Win32>
      </Options>
    </Linking>
    <Other>
      <Verbosity>
        <ShoLineNum Value="True"/>
      </Verbosity>
      <CompilerMessages>
        <UseMsgFile Value="True"/>
      </CompilerMessages>
      <CompilerPath Value="$(CompPath)"/>
    </Other>
  </CompilerOptions>
  <Debugging>
    <Watches Count="2">
      <Item1>
        <Expression Value="FruitColors"/>
      </Item1>
      <Item2>
        <Expression Value="FruitColors.Indexes"/>
      </Item2>
    </Watches>
    <Exceptions Count="3">
      <Item1>
        <Name Value="EAbort"/>
      </Item1>
      <Item2>
        <Name Value="ECodetoolError"/>
      </Item2>
      <Item3>
        <Name Value="EFOpenError"/>
      </Item3>
    </Exceptions>
  </Debugging>
  <EditorMacros Count="0"/>
</CONFIG>
